
Microsoft Visual Studio Solution File, Format Version 12.00
# Visual Studio Version 16
VisualStudioVersion = 16.0.31005.135
MinimumVisualStudioVersion = 10.0.40219.1
Project("{00D1A9C2-B5F0-4AF3-8072-F6C62B433612}") = "GUESS", "GUESS\GUESS.sqlproj", "{C70B7499-F406-4468-AE84-EABCC3998FC6}"
EndProject
Global
	GlobalSection(SolutionConfigurationPlatforms) = preSolution
		Debug|Any CPU = Debug|Any CPU
		Release|Any CPU = Release|Any CPU
	EndGlobalSection
	GlobalSection(ProjectConfigurationPlatforms) = postSolution
		{C70B7499-F406-4468-AE84-EABCC3998FC6}.Debug|Any CPU.ActiveCfg = Debug|Any CPU
		{C70B7499-F406-4468-AE84-EABCC3998FC6}.Debug|Any CPU.Build.0 = Debug|Any CPU
		{C70B7499-F406-4468-AE84-EABCC3998FC6}.Debug|Any CPU.Deploy.0 = Debug|Any CPU
		{C70B7499-F406-4468-AE84-EABCC3998FC6}.Release|Any CPU.ActiveCfg = Release|Any CPU
		{C70B7499-F406-4468-AE84-EABCC3998FC6}.Release|Any CPU.Build.0 = Release|Any CPU
		{C70B7499-F406-4468-AE84-EABCC3998FC6}.Release|Any CPU.Deploy.0 = Release|Any CPU
	EndGlobalSection
	GlobalSection(SolutionProperties) = preSolution
		HideSolutionNode = FALSE
	EndGlobalSection
	GlobalSection(ExtensibilityGlobals) = postSolution
		SolutionGuid = {72687F23-63B6-4058-B25A-5215C24C4234}
	EndGlobalSection
EndGlobal
